
Microsoft Visual Studio Solution File, Format Version 12.00
# Visual Studio 15
VisualStudioVersion = 15.0.28307.1340
MinimumVisualStudioVersion = 10.0.40219.1
Project("{FAE04EC0-301F-11D3-BF4B-00C04F79EFBC}") = "ClassMetotDemo", "ClassMetotDemo\ClassMetotDemo.csproj", "{1D36BBD6-741D-4679-A597-5587D4B0F5D9}"
EndProject
Global
	GlobalSection(SolutionConfigurationPlatforms) = preSolution
		Debug|Any CPU = Debug|Any CPU
		Release|Any CPU = Release|Any CPU
	EndGlobalSection
	GlobalSection(ProjectConfigurationPlatforms) = postSolution
		{1D36BBD6-741D-4679-A597-5587D4B0F5D9}.Debug|Any CPU.ActiveCfg = Debug|Any CPU
		{1D36BBD6-741D-4679-A597-5587D4B0F5D9}.Debug|Any CPU.Build.0 = Debug|Any CPU
		{1D36BBD6-741D-4679-A597-5587D4B0F5D9}.Release|Any CPU.ActiveCfg = Release|Any CPU
		{1D36BBD6-741D-4679-A597-5587D4B0F5D9}.Release|Any CPU.Build.0 = Release|Any CPU
	EndGlobalSection
	GlobalSection(SolutionProperties) = preSolution
		HideSolutionNode = FALSE
	EndGlobalSection
	GlobalSection(ExtensibilityGlobals) = postSolution
		SolutionGuid = {D5BB2231-38BF-4C85-AF67-6A3C7C0AD532}
	EndGlobalSection
EndGlobal
